// !$*UTF8*$!
{
	archiveVersion = 1;
	classes = {
	};
	objectVersion = 51;
	objects = {

/* Begin PBXBuildFile section */
		3363D5D03F3DE40332C93A4A /* Pods_ExpenseTrackerTests.framework in Frameworks */ = {isa = PBXBuildFile; fileRef = B692E51463D3EB7608D31AC8 /* Pods_ExpenseTrackerTests.framework */; };
		E0643E54AE8151F8F7E23983 /* Pods_ExpenseTracker_ExpenseTrackerUITests.framework in Frameworks */ = {isa = PBXBuildFile; fileRef = 553E2E0BF3BA4F60E7533968 /* Pods_ExpenseTracker_ExpenseTrackerUITests.framework */; };
		E0B6B041246B734B005E97BE /* AppDelegate.swift in Sources */ = {isa = PBXBuildFile; fileRef = E0B6B040246B734B005E97BE /* AppDelegate.swift */; };
		E0B6B043246B734B005E97BE /* SceneDelegate.swift in Sources */ = {isa = PBXBuildFile; fileRef = E0B6B042246B734B005E97BE /* SceneDelegate.swift */; };
		E0B6B04A246B734C005E97BE /* Assets.xcassets in Resources */ = {isa = PBXBuildFile; fileRef = E0B6B049246B734C005E97BE /* Assets.xcassets */; };
		E0B6B04D246B734C005E97BE /* LaunchScreen.storyboard in Resources */ = {isa = PBXBuildFile; fileRef = E0B6B04B246B734C005E97BE /* LaunchScreen.storyboard */; };
		E0B6B058246B734C005E97BE /* ExpenseTrackerTests.swift in Sources */ = {isa = PBXBuildFile; fileRef = E0B6B057246B734C005E97BE /* ExpenseTrackerTests.swift */; };
		E0B6B063246B734C005E97BE /* ExpenseTrackerUITests.swift in Sources */ = {isa = PBXBuildFile; fileRef = E0B6B062246B734C005E97BE /* ExpenseTrackerUITests.swift */; };
		E0B6B074246B7892005E97BE /* ExpanseStoryboard.storyboard in Resources */ = {isa = PBXBuildFile; fileRef = E0B6B073246B7892005E97BE /* ExpanseStoryboard.storyboard */; };
		E0B6B077246B7E59005E97BE /* AddExpenseViewController.swift in Sources */ = {isa = PBXBuildFile; fileRef = E0B6B076246B7E59005E97BE /* AddExpenseViewController.swift */; };
		E0B6B07A246B8955005E97BE /* CategoryModel.swift in Sources */ = {isa = PBXBuildFile; fileRef = E0B6B079246B8955005E97BE /* CategoryModel.swift */; };
		E0B6B07F246B8A26005E97BE /* CategoryCell.swift in Sources */ = {isa = PBXBuildFile; fileRef = E0B6B07E246B8A26005E97BE /* CategoryCell.swift */; };
		E0B6B082246B9BDA005E97BE /* Extension+UIViewController.swift in Sources */ = {isa = PBXBuildFile; fileRef = E0B6B081246B9BDA005E97BE /* Extension+UIViewController.swift */; };
		E0B6B085246BA04C005E97BE /* ReportStoryboard.storyboard in Resources */ = {isa = PBXBuildFile; fileRef = E0B6B084246BA04C005E97BE /* ReportStoryboard.storyboard */; };
		E0B6B087246BA094005E97BE /* StoryboardModel.swift in Sources */ = {isa = PBXBuildFile; fileRef = E0B6B086246BA094005E97BE /* StoryboardModel.swift */; };
		E0B6B089246BA588005E97BE /* ExpenseReportViewController.swift in Sources */ = {isa = PBXBuildFile; fileRef = E0B6B088246BA588005E97BE /* ExpenseReportViewController.swift */; };
		E0B6B08B246BA5AF005E97BE /* ExpenseReportDetailTableViewCell.swift in Sources */ = {isa = PBXBuildFile; fileRef = E0B6B08A246BA5AF005E97BE /* ExpenseReportDetailTableViewCell.swift */; };
		E0B6B090246C19AD005E97BE /* DatabaseManager.swift in Sources */ = {isa = PBXBuildFile; fileRef = E0B6B08F246C19AD005E97BE /* DatabaseManager.swift */; };
		E0B6B092246C1AFD005E97BE /* ExpenseModel.swift in Sources */ = {isa = PBXBuildFile; fileRef = E0B6B091246C1AFD005E97BE /* ExpenseModel.swift */; };
		E0B6B094246C2400005E97BE /* Extension+Date.swift in Sources */ = {isa = PBXBuildFile; fileRef = E0B6B093246C2400005E97BE /* Extension+Date.swift */; };
		E0B6B096246C8D93005E97BE /* Extension+String.swift in Sources */ = {isa = PBXBuildFile; fileRef = E0B6B095246C8D93005E97BE /* Extension+String.swift */; };
		FEF17F1E11922C1FA731FEFF /* Pods_ExpenseTracker.framework in Frameworks */ = {isa = PBXBuildFile; fileRef = 8B10866B80589A8068DFE05D /* Pods_ExpenseTracker.framework */; };
/* End PBXBuildFile section */

/* Begin PBXContainerItemProxy section */
		E0B6B054246B734C005E97BE /* PBXContainerItemProxy */ = {
			isa = PBXContainerItemProxy;
			containerPortal = E0B6B035246B734B005E97BE /* Project object */;
			proxyType = 1;
			remoteGlobalIDString = E0B6B03C246B734B005E97BE;
			remoteInfo = ExpenseTracker;
		};
		E0B6B05F246B734C005E97BE /* PBXContainerItemProxy */ = {
			isa = PBXContainerItemProxy;
			containerPortal = E0B6B035246B734B005E97BE /* Project object */;
			proxyType = 1;
			remoteGlobalIDString = E0B6B03C246B734B005E97BE;
			remoteInfo = ExpenseTracker;
		};
/* End PBXContainerItemProxy section */

/* Begin PBXFileReference section */
		553E2E0BF3BA4F60E7533968 /* Pods_ExpenseTracker_ExpenseTrackerUITests.framework */ = {isa = PBXFileReference; explicitFileType = wrapper.framework; includeInIndex = 0; path = Pods_ExpenseTracker_ExpenseTrackerUITests.framework; sourceTree = BUILT_PRODUCTS_DIR; };
		7271E1F7B2849AC2CBA1FE87 /* Pods-ExpenseTracker-ExpenseTrackerUITests.release.xcconfig */ = {isa = PBXFileReference; includeInIndex = 1; lastKnownFileType = text.xcconfig; name = "Pods-ExpenseTracker-ExpenseTrackerUITests.release.xcconfig"; path = "Target Support Files/Pods-ExpenseTracker-ExpenseTrackerUITests/Pods-ExpenseTracker-ExpenseTrackerUITests.release.xcconfig"; sourceTree = "<group>"; };
		74132F29FD333392B5EBBE46 /* Pods-ExpenseTrackerTests.release.xcconfig */ = {isa = PBXFileReference; includeInIndex = 1; lastKnownFileType = text.xcconfig; name = "Pods-ExpenseTrackerTests.release.xcconfig"; path = "Target Support Files/Pods-ExpenseTrackerTests/Pods-ExpenseTrackerTests.release.xcconfig"; sourceTree = "<group>"; };
		8ADD51E0DEB29C8632CA9010 /* Pods-ExpenseTracker.release.xcconfig */ = {isa = PBXFileReference; includeInIndex = 1; lastKnownFileType = text.xcconfig; name = "Pods-ExpenseTracker.release.xcconfig"; path = "Target Support Files/Pods-ExpenseTracker/Pods-ExpenseTracker.release.xcconfig"; sourceTree = "<group>"; };
		8B10866B80589A8068DFE05D /* Pods_ExpenseTracker.framework */ = {isa = PBXFileReference; explicitFileType = wrapper.framework; includeInIndex = 0; path = Pods_ExpenseTracker.framework; sourceTree = BUILT_PRODUCTS_DIR; };
		A9C38D98B6ECFBA16A5E0AAB /* Pods-ExpenseTracker-ExpenseTrackerUITests.debug.xcconfig */ = {isa = PBXFileReference; includeInIndex = 1; lastKnownFileType = text.xcconfig; name = "Pods-ExpenseTracker-ExpenseTrackerUITests.debug.xcconfig"; path = "Target Support Files/Pods-ExpenseTracker-ExpenseTrackerUITests/Pods-ExpenseTracker-ExpenseTrackerUITests.debug.xcconfig"; sourceTree = "<group>"; };
		B692E51463D3EB7608D31AC8 /* Pods_ExpenseTrackerTests.framework */ = {isa = PBXFileReference; explicitFileType = wrapper.framework; includeInIndex = 0; path = Pods_ExpenseTrackerTests.framework; sourceTree = BUILT_PRODUCTS_DIR; };
		C8F06B26271193BDF22751BA /* Pods-ExpenseTracker.debug.xcconfig */ = {isa = PBXFileReference; includeInIndex = 1; lastKnownFileType = text.xcconfig; name = "Pods-ExpenseTracker.debug.xcconfig"; path = "Target Support Files/Pods-ExpenseTracker/Pods-ExpenseTracker.debug.xcconfig"; sourceTree = "<group>"; };
		CAB805D7810E1C39173EBC26 /* Pods-ExpenseTrackerTests.debug.xcconfig */ = {isa = PBXFileReference; includeInIndex = 1; lastKnownFileType = text.xcconfig; name = "Pods-ExpenseTrackerTests.debug.xcconfig"; path = "Target Support Files/Pods-ExpenseTrackerTests/Pods-ExpenseTrackerTests.debug.xcconfig"; sourceTree = "<group>"; };
		E0B6B03D246B734B005E97BE /* ExpenseTracker.app */ = {isa = PBXFileReference; explicitFileType = wrapper.application; includeInIndex = 0; path = ExpenseTracker.app; sourceTree = BUILT_PRODUCTS_DIR; };
		E0B6B040246B734B005E97BE /* AppDelegate.swift */ = {isa = PBXFileReference; lastKnownFileType = sourcecode.swift; path = AppDelegate.swift; sourceTree = "<group>"; };
		E0B6B042246B734B005E97BE /* SceneDelegate.swift */ = {isa = PBXFileReference; lastKnownFileType = sourcecode.swift; path = SceneDelegate.swift; sourceTree = "<group>"; };
		E0B6B049246B734C005E97BE /* Assets.xcassets */ = {isa = PBXFileReference; lastKnownFileType = folder.assetcatalog; path = Assets.xcassets; sourceTree = "<group>"; };
		E0B6B04C246B734C005E97BE /* Base */ = {isa = PBXFileReference; lastKnownFileType = file.storyboard; name = Base; path = Base.lproj/LaunchScreen.storyboard; sourceTree = "<group>"; };
		E0B6B04E246B734C005E97BE /* Info.plist */ = {isa = PBXFileReference; lastKnownFileType = text.plist.xml; path = Info.plist; sourceTree = "<group>"; };
		E0B6B053246B734C005E97BE /* ExpenseTrackerTests.xctest */ = {isa = PBXFileReference; explicitFileType = wrapper.cfbundle; includeInIndex = 0; path = ExpenseTrackerTests.xctest; sourceTree = BUILT_PRODUCTS_DIR; };
		E0B6B057246B734C005E97BE /* ExpenseTrackerTests.swift */ = {isa = PBXFileReference; lastKnownFileType = sourcecode.swift; path = ExpenseTrackerTests.swift; sourceTree = "<group>"; };
		E0B6B059246B734C005E97BE /* Info.plist */ = {isa = PBXFileReference; lastKnownFileType = text.plist.xml; path = Info.plist; sourceTree = "<group>"; };
		E0B6B05E246B734C005E97BE /* ExpenseTrackerUITests.xctest */ = {isa = PBXFileReference; explicitFileType = wrapper.cfbundle; includeInIndex = 0; path = ExpenseTrackerUITests.xctest; sourceTree = BUILT_PRODUCTS_DIR; };
		E0B6B062246B734C005E97BE /* ExpenseTrackerUITests.swift */ = {isa = PBXFileReference; lastKnownFileType = sourcecode.swift; path = ExpenseTrackerUITests.swift; sourceTree = "<group>"; };
		E0B6B064246B734C005E97BE /* Info.plist */ = {isa = PBXFileReference; lastKnownFileType = text.plist.xml; path = Info.plist; sourceTree = "<group>"; };
		E0B6B073246B7892005E97BE /* ExpanseStoryboard.storyboard */ = {isa = PBXFileReference; lastKnownFileType = file.storyboard; path = ExpanseStoryboard.storyboard; sourceTree = "<group>"; };
		E0B6B076246B7E59005E97BE /* AddExpenseViewController.swift */ = {isa = PBXFileReference; lastKnownFileType = sourcecode.swift; path = AddExpenseViewController.swift; sourceTree = "<group>"; };
		E0B6B079246B8955005E97BE /* CategoryModel.swift */ = {isa = PBXFileReference; lastKnownFileType = sourcecode.swift; path = CategoryModel.swift; sourceTree = "<group>"; };
		E0B6B07E246B8A26005E97BE /* CategoryCell.swift */ = {isa = PBXFileReference; lastKnownFileType = sourcecode.swift; path = CategoryCell.swift; sourceTree = "<group>"; };
		E0B6B081246B9BDA005E97BE /* Extension+UIViewController.swift */ = {isa = PBXFileReference; lastKnownFileType = sourcecode.swift; path = "Extension+UIViewController.swift"; sourceTree = "<group>"; };
		E0B6B084246BA04C005E97BE /* ReportStoryboard.storyboard */ = {isa = PBXFileReference; lastKnownFileType = file.storyboard; path = ReportStoryboard.storyboard; sourceTree = "<group>"; };
		E0B6B086246BA094005E97BE /* StoryboardModel.swift */ = {isa = PBXFileReference; lastKnownFileType = sourcecode.swift; path = StoryboardModel.swift; sourceTree = "<group>"; };
		E0B6B088246BA588005E97BE /* ExpenseReportViewController.swift */ = {isa = PBXFileReference; lastKnownFileType = sourcecode.swift; path = ExpenseReportViewController.swift; sourceTree = "<group>"; };
		E0B6B08A246BA5AF005E97BE /* ExpenseReportDetailTableViewCell.swift */ = {isa = PBXFileReference; lastKnownFileType = sourcecode.swift; path = ExpenseReportDetailTableViewCell.swift; sourceTree = "<group>"; };
		E0B6B08F246C19AD005E97BE /* DatabaseManager.swift */ = {isa = PBXFileReference; lastKnownFileType = sourcecode.swift; path = DatabaseManager.swift; sourceTree = "<group>"; };
		E0B6B091246C1AFD005E97BE /* ExpenseModel.swift */ = {isa = PBXFileReference; lastKnownFileType = sourcecode.swift; path = ExpenseModel.swift; sourceTree = "<group>"; };
		E0B6B093246C2400005E97BE /* Extension+Date.swift */ = {isa = PBXFileReference; lastKnownFileType = sourcecode.swift; path = "Extension+Date.swift"; sourceTree = "<group>"; };
		E0B6B095246C8D93005E97BE /* Extension+String.swift */ = {isa = PBXFileReference; lastKnownFileType = sourcecode.swift; path = "Extension+String.swift"; sourceTree = "<group>"; };
/* End PBXFileReference section */

/* Begin PBXFrameworksBuildPhase section */
		E0B6B03A246B734B005E97BE /* Frameworks */ = {
			isa = PBXFrameworksBuildPhase;
			buildActionMask = 2147483647;
			files = (
				FEF17F1E11922C1FA731FEFF /* Pods_ExpenseTracker.framework in Frameworks */,
			);
			runOnlyForDeploymentPostprocessing = 0;
		};
		E0B6B050246B734C005E97BE /* Frameworks */ = {
			isa = PBXFrameworksBuildPhase;
			buildActionMask = 2147483647;
			files = (
				3363D5D03F3DE40332C93A4A /* Pods_ExpenseTrackerTests.framework in Frameworks */,
			);
			runOnlyForDeploymentPostprocessing = 0;
		};
		E0B6B05B246B734C005E97BE /* Frameworks */ = {
			isa = PBXFrameworksBuildPhase;
			buildActionMask = 2147483647;
			files = (
				E0643E54AE8151F8F7E23983 /* Pods_ExpenseTracker_ExpenseTrackerUITests.framework in Frameworks */,
			);
			runOnlyForDeploymentPostprocessing = 0;
		};
/* End PBXFrameworksBuildPhase section */

/* Begin PBXGroup section */
		B0FB3D83C1B0253A2F7403A0 /* Frameworks */ = {
			isa = PBXGroup;
			children = (
				8B10866B80589A8068DFE05D /* Pods_ExpenseTracker.framework */,
				553E2E0BF3BA4F60E7533968 /* Pods_ExpenseTracker_ExpenseTrackerUITests.framework */,
				B692E51463D3EB7608D31AC8 /* Pods_ExpenseTrackerTests.framework */,
			);
			name = Frameworks;
			sourceTree = "<group>";
		};
		E0B6B034246B734B005E97BE = {
			isa = PBXGroup;
			children = (
				E0B6B03F246B734B005E97BE /* ExpenseTracker */,
				E0B6B056246B734C005E97BE /* ExpenseTrackerTests */,
				E0B6B061246B734C005E97BE /* ExpenseTrackerUITests */,
				E0B6B03E246B734B005E97BE /* Products */,
				F2A14CA340AF6FA23EACEA6C /* Pods */,
				B0FB3D83C1B0253A2F7403A0 /* Frameworks */,
			);
			sourceTree = "<group>";
		};
		E0B6B03E246B734B005E97BE /* Products */ = {
			isa = PBXGroup;
			children = (
				E0B6B03D246B734B005E97BE /* ExpenseTracker.app */,
				E0B6B053246B734C005E97BE /* ExpenseTrackerTests.xctest */,
				E0B6B05E246B734C005E97BE /* ExpenseTrackerUITests.xctest */,
			);
			name = Products;
			sourceTree = "<group>";
		};
		E0B6B03F246B734B005E97BE /* ExpenseTracker */ = {
			isa = PBXGroup;
			children = (
				E0B6B08E246C197F005E97BE /* Helper Class */,
				E0B6B080246B9B98005E97BE /* Extensions */,
				E0B6B07B246B89E1005E97BE /* View */,
				E0B6B078246B893E005E97BE /* Model */,
				E0B6B075246B7E2E005E97BE /* ViewController */,
				E0B6B070246B7382005E97BE /* Resources */,
				E0B6B040246B734B005E97BE /* AppDelegate.swift */,
				E0B6B042246B734B005E97BE /* SceneDelegate.swift */,
				E0B6B049246B734C005E97BE /* Assets.xcassets */,
				E0B6B04B246B734C005E97BE /* LaunchScreen.storyboard */,
				E0B6B04E246B734C005E97BE /* Info.plist */,
			);
			path = ExpenseTracker;
			sourceTree = "<group>";
		};
		E0B6B056246B734C005E97BE /* ExpenseTrackerTests */ = {
			isa = PBXGroup;
			children = (
				E0B6B057246B734C005E97BE /* ExpenseTrackerTests.swift */,
				E0B6B059246B734C005E97BE /* Info.plist */,
			);
			path = ExpenseTrackerTests;
			sourceTree = "<group>";
		};
		E0B6B061246B734C005E97BE /* ExpenseTrackerUITests */ = {
			isa = PBXGroup;
			children = (
				E0B6B062246B734C005E97BE /* ExpenseTrackerUITests.swift */,
				E0B6B064246B734C005E97BE /* Info.plist */,
			);
			path = ExpenseTrackerUITests;
			sourceTree = "<group>";
		};
		E0B6B070246B7382005E97BE /* Resources */ = {
			isa = PBXGroup;
			children = (
				E0B6B071246B739C005E97BE /* Storyboard */,
			);
			path = Resources;
			sourceTree = "<group>";
		};
		E0B6B071246B739C005E97BE /* Storyboard */ = {
			isa = PBXGroup;
			children = (
				E0B6B083246BA032005E97BE /* ReportStoryboard */,
				E0B6B072246B786B005E97BE /* ExpenseStoryboard */,
			);
			path = Storyboard;
			sourceTree = "<group>";
		};
		E0B6B072246B786B005E97BE /* ExpenseStoryboard */ = {
			isa = PBXGroup;
			children = (
				E0B6B073246B7892005E97BE /* ExpanseStoryboard.storyboard */,
			);
			path = ExpenseStoryboard;
			sourceTree = "<group>";
		};
		E0B6B075246B7E2E005E97BE /* ViewController */ = {
			isa = PBXGroup;
			children = (
				E0B6B076246B7E59005E97BE /* AddExpenseViewController.swift */,
				E0B6B088246BA588005E97BE /* ExpenseReportViewController.swift */,
			);
			path = ViewController;
			sourceTree = "<group>";
		};
		E0B6B078246B893E005E97BE /* Model */ = {
			isa = PBXGroup;
			children = (
				E0B6B079246B8955005E97BE /* CategoryModel.swift */,
				E0B6B086246BA094005E97BE /* StoryboardModel.swift */,
				E0B6B091246C1AFD005E97BE /* ExpenseModel.swift */,
			);
			path = Model;
			sourceTree = "<group>";
		};
		E0B6B07B246B89E1005E97BE /* View */ = {
			isa = PBXGroup;
			children = (
				E0B6B07E246B8A26005E97BE /* CategoryCell.swift */,
				E0B6B08A246BA5AF005E97BE /* ExpenseReportDetailTableViewCell.swift */,
			);
			path = View;
			sourceTree = "<group>";
		};
		E0B6B080246B9B98005E97BE /* Extensions */ = {
			isa = PBXGroup;
			children = (
				E0B6B081246B9BDA005E97BE /* Extension+UIViewController.swift */,
				E0B6B093246C2400005E97BE /* Extension+Date.swift */,
				E0B6B095246C8D93005E97BE /* Extension+String.swift */,
			);
			path = Extensions;
			sourceTree = "<group>";
		};
		E0B6B083246BA032005E97BE /* ReportStoryboard */ = {
			isa = PBXGroup;
			children = (
				E0B6B084246BA04C005E97BE /* ReportStoryboard.storyboard */,
			);
			path = ReportStoryboard;
			sourceTree = "<group>";
		};
		E0B6B08E246C197F005E97BE /* Helper Class */ = {
			isa = PBXGroup;
			children = (
				E0B6B08F246C19AD005E97BE /* DatabaseManager.swift */,
			);
			path = "Helper Class";
			sourceTree = "<group>";
		};
		F2A14CA340AF6FA23EACEA6C /* Pods */ = {
			isa = PBXGroup;
			children = (
				C8F06B26271193BDF22751BA /* Pods-ExpenseTracker.debug.xcconfig */,
				8ADD51E0DEB29C8632CA9010 /* Pods-ExpenseTracker.release.xcconfig */,
				A9C38D98B6ECFBA16A5E0AAB /* Pods-ExpenseTracker-ExpenseTrackerUITests.debug.xcconfig */,
				7271E1F7B2849AC2CBA1FE87 /* Pods-ExpenseTracker-ExpenseTrackerUITests.release.xcconfig */,
				CAB805D7810E1C39173EBC26 /* Pods-ExpenseTrackerTests.debug.xcconfig */,
				74132F29FD333392B5EBBE46 /* Pods-ExpenseTrackerTests.release.xcconfig */,
			);
			path = Pods;
			sourceTree = "<group>";
		};
/* End PBXGroup section */

/* Begin PBXNativeTarget section */
		E0B6B03C246B734B005E97BE /* ExpenseTracker */ = {
			isa = PBXNativeTarget;
			buildConfigurationList = E0B6B067246B734C005E97BE /* Build configuration list for PBXNativeTarget "ExpenseTracker" */;
			buildPhases = (
				4CA617F9DD3981664C6818F5 /* [CP] Check Pods Manifest.lock */,
				E0B6B039246B734B005E97BE /* Sources */,
				E0B6B03A246B734B005E97BE /* Frameworks */,
				E0B6B03B246B734B005E97BE /* Resources */,
				C76BFECEC681D39D0CFF512C /* [CP] Embed Pods Frameworks */,
			);
			buildRules = (
			);
			dependencies = (
			);
			name = ExpenseTracker;
			productName = ExpenseTracker;
			productReference = E0B6B03D246B734B005E97BE /* ExpenseTracker.app */;
			productType = "com.apple.product-type.application";
		};
		E0B6B052246B734C005E97BE /* ExpenseTrackerTests */ = {
			isa = PBXNativeTarget;
			buildConfigurationList = E0B6B06A246B734C005E97BE /* Build configuration list for PBXNativeTarget "ExpenseTrackerTests" */;
			buildPhases = (
				4781F89BCBB93D22F32C27D0 /* [CP] Check Pods Manifest.lock */,
				E0B6B04F246B734C005E97BE /* Sources */,
				E0B6B050246B734C005E97BE /* Frameworks */,
				E0B6B051246B734C005E97BE /* Resources */,
			);
			buildRules = (
			);
			dependencies = (
				E0B6B055246B734C005E97BE /* PBXTargetDependency */,
			);
			name = ExpenseTrackerTests;
			productName = ExpenseTrackerTests;
			productReference = E0B6B053246B734C005E97BE /* ExpenseTrackerTests.xctest */;
			productType = "com.apple.product-type.bundle.unit-test";
		};
		E0B6B05D246B734C005E97BE /* ExpenseTrackerUITests */ = {
			isa = PBXNativeTarget;
			buildConfigurationList = E0B6B06D246B734C005E97BE /* Build configuration list for PBXNativeTarget "ExpenseTrackerUITests" */;
			buildPhases = (
				E930908089F133EE5B0B8101 /* [CP] Check Pods Manifest.lock */,
				E0B6B05A246B734C005E97BE /* Sources */,
				E0B6B05B246B734C005E97BE /* Frameworks */,
				E0B6B05C246B734C005E97BE /* Resources */,
				848B195ADAEEF5F071BC1A87 /* [CP] Embed Pods Frameworks */,
			);
			buildRules = (
			);
			dependencies = (
				E0B6B060246B734C005E97BE /* PBXTargetDependency */,
			);
			name = ExpenseTrackerUITests;
			productName = ExpenseTrackerUITests;
			productReference = E0B6B05E246B734C005E97BE /* ExpenseTrackerUITests.xctest */;
			productType = "com.apple.product-type.bundle.ui-testing";
		};
/* End PBXNativeTarget section */

/* Begin PBXProject section */
		E0B6B035246B734B005E97BE /* Project object */ = {
			isa = PBXProject;
			attributes = {
				LastSwiftUpdateCheck = 1140;
				LastUpgradeCheck = 1140;
				ORGANIZATIONNAME = "Aditi Mehta";
				TargetAttributes = {
					E0B6B03C246B734B005E97BE = {
						CreatedOnToolsVersion = 11.4.1;
					};
					E0B6B052246B734C005E97BE = {
						CreatedOnToolsVersion = 11.4.1;
						TestTargetID = E0B6B03C246B734B005E97BE;
					};
					E0B6B05D246B734C005E97BE = {
						CreatedOnToolsVersion = 11.4.1;
						TestTargetID = E0B6B03C246B734B005E97BE;
					};
				};
			};
			buildConfigurationList = E0B6B038246B734B005E97BE /* Build configuration list for PBXProject "ExpenseTracker" */;
			compatibilityVersion = "Xcode 9.3";
			developmentRegion = en;
			hasScannedForEncodings = 0;
			knownRegions = (
				en,
				Base,
			);
			mainGroup = E0B6B034246B734B005E97BE;
			productRefGroup = E0B6B03E246B734B005E97BE /* Products */;
			projectDirPath = "";
			projectRoot = "";
			targets = (
				E0B6B03C246B734B005E97BE /* ExpenseTracker */,
				E0B6B052246B734C005E97BE /* ExpenseTrackerTests */,
				E0B6B05D246B734C005E97BE /* ExpenseTrackerUITests */,
			);
		};
/* End PBXProject section */

/* Begin PBXResourcesBuildPhase section */
		E0B6B03B246B734B005E97BE /* Resources */ = {
			isa = PBXResourcesBuildPhase;
			buildActionMask = 2147483647;
			files = (
				E0B6B074246B7892005E97BE /* ExpanseStoryboard.storyboard in Resources */,
				E0B6B04D246B734C005E97BE /* LaunchScreen.storyboard in Resources */,
				E0B6B04A246B734C005E97BE /* Assets.xcassets in Resources */,
				E0B6B085246BA04C005E97BE /* ReportStoryboard.storyboard in Resources */,
			);
			runOnlyForDeploymentPostprocessing = 0;
		};
		E0B6B051246B734C005E97BE /* Resources */ = {
			isa = PBXResourcesBuildPhase;
			buildActionMask = 2147483647;
			files = (
			);
			runOnlyForDeploymentPostprocessing = 0;
		};
		E0B6B05C246B734C005E97BE /* Resources */ = {
			isa = PBXResourcesBuildPhase;
			buildActionMask = 2147483647;
			files = (
			);
			runOnlyForDeploymentPostprocessing = 0;
		};
/* End PBXResourcesBuildPhase section */

/* Begin PBXShellScriptBuildPhase section */
		4781F89BCBB93D22F32C27D0 /* [CP] Check Pods Manifest.lock */ = {
			isa = PBXShellScriptBuildPhase;
			buildActionMask = 2147483647;
			files = (
			);
			inputFileListPaths = (
			);
			inputPaths = (
				"${PODS_PODFILE_DIR_PATH}/Podfile.lock",
				"${PODS_ROOT}/Manifest.lock",
			);
			name = "[CP] Check Pods Manifest.lock";
			outputFileListPaths = (
			);
			outputPaths = (
				"$(DERIVED_FILE_DIR)/Pods-ExpenseTrackerTests-checkManifestLockResult.txt",
			);
			runOnlyForDeploymentPostprocessing = 0;
			shellPath = /bin/sh;
			shellScript = "diff \"${PODS_PODFILE_DIR_PATH}/Podfile.lock\" \"${PODS_ROOT}/Manifest.lock\" > /dev/null\nif [ $? != 0 ] ; then\n    # print error to STDERR\n    echo \"error: The sandbox is not in sync with the Podfile.lock. Run 'pod install' or update your CocoaPods installation.\" >&2\n    exit 1\nfi\n# This output is used by Xcode 'outputs' to avoid re-running this script phase.\necho \"SUCCESS\" > \"${SCRIPT_OUTPUT_FILE_0}\"\n";
			showEnvVarsInLog = 0;
		};
		4CA617F9DD3981664C6818F5 /* [CP] Check Pods Manifest.lock */ = {
			isa = PBXShellScriptBuildPhase;
			buildActionMask = 2147483647;
			files = (
			);
			inputFileListPaths = (
			);
			inputPaths = (
				"${PODS_PODFILE_DIR_PATH}/Podfile.lock",
				"${PODS_ROOT}/Manifest.lock",
			);
			name = "[CP] Check Pods Manifest.lock";
			outputFileListPaths = (
			);
			outputPaths = (
				"$(DERIVED_FILE_DIR)/Pods-ExpenseTracker-checkManifestLockResult.txt",
			);
			runOnlyForDeploymentPostprocessing = 0;
			shellPath = /bin/sh;
			shellScript = "diff \"${PODS_PODFILE_DIR_PATH}/Podfile.lock\" \"${PODS_ROOT}/Manifest.lock\" > /dev/null\nif [ $? != 0 ] ; then\n    # print error to STDERR\n    echo \"error: The sandbox is not in sync with the Podfile.lock. Run 'pod install' or update your CocoaPods installation.\" >&2\n    exit 1\nfi\n# This output is used by Xcode 'outputs' to avoid re-running this script phase.\necho \"SUCCESS\" > \"${SCRIPT_OUTPUT_FILE_0}\"\n";
			showEnvVarsInLog = 0;
		};
		848B195ADAEEF5F071BC1A87 /* [CP] Embed Pods Frameworks */ = {
			isa = PBXShellScriptBuildPhase;
			buildActionMask = 2147483647;
			files = (
			);
			inputFileListPaths = (
				"${PODS_ROOT}/Target Support Files/Pods-ExpenseTracker-ExpenseTrackerUITests/Pods-ExpenseTracker-ExpenseTrackerUITests-frameworks-${CONFIGURATION}-input-files.xcfilelist",
			);
			name = "[CP] Embed Pods Frameworks";
			outputFileListPaths = (
				"${PODS_ROOT}/Target Support Files/Pods-ExpenseTracker-ExpenseTrackerUITests/Pods-ExpenseTracker-ExpenseTrackerUITests-frameworks-${CONFIGURATION}-output-files.xcfilelist",
			);
			runOnlyForDeploymentPostprocessing = 0;
			shellPath = /bin/sh;
			shellScript = "\"${PODS_ROOT}/Target Support Files/Pods-ExpenseTracker-ExpenseTrackerUITests/Pods-ExpenseTracker-ExpenseTrackerUITests-frameworks.sh\"\n";
			showEnvVarsInLog = 0;
		};
		C76BFECEC681D39D0CFF512C /* [CP] Embed Pods Frameworks */ = {
			isa = PBXShellScriptBuildPhase;
			buildActionMask = 2147483647;
			files = (
			);
			inputFileListPaths = (
				"${PODS_ROOT}/Target Support Files/Pods-ExpenseTracker/Pods-ExpenseTracker-frameworks-${CONFIGURATION}-input-files.xcfilelist",
			);
			name = "[CP] Embed Pods Frameworks";
			outputFileListPaths = (
				"${PODS_ROOT}/Target Support Files/Pods-ExpenseTracker/Pods-ExpenseTracker-frameworks-${CONFIGURATION}-output-files.xcfilelist",
			);
			runOnlyForDeploymentPostprocessing = 0;
			shellPath = /bin/sh;
			shellScript = "\"${PODS_ROOT}/Target Support Files/Pods-ExpenseTracker/Pods-ExpenseTracker-frameworks.sh\"\n";
			showEnvVarsInLog = 0;
		};
		E930908089F133EE5B0B8101 /* [CP] Check Pods Manifest.lock */ = {
			isa = PBXShellScriptBuildPhase;
			buildActionMask = 2147483647;
			files = (
			);
			inputFileListPaths = (
			);
			inputPaths = (
				"${PODS_PODFILE_DIR_PATH}/Podfile.lock",
				"${PODS_ROOT}/Manifest.lock",
			);
			name = "[CP] Check Pods Manifest.lock";
			outputFileListPaths = (
			);
			outputPaths = (
				"$(DERIVED_FILE_DIR)/Pods-ExpenseTracker-ExpenseTrackerUITests-checkManifestLockResult.txt",
			);
			runOnlyForDeploymentPostprocessing = 0;
			shellPath = /bin/sh;
			shellScript = "diff \"${PODS_PODFILE_DIR_PATH}/Podfile.lock\" \"${PODS_ROOT}/Manifest.lock\" > /dev/null\nif [ $? != 0 ] ; then\n    # print error to STDERR\n    echo \"error: The sandbox is not in sync with the Podfile.lock. Run 'pod install' or update your CocoaPods installation.\" >&2\n    exit 1\nfi\n# This output is used by Xcode 'outputs' to avoid re-running this script phase.\necho \"SUCCESS\" > \"${SCRIPT_OUTPUT_FILE_0}\"\n";
			showEnvVarsInLog = 0;
		};
/* End PBXShellScriptBuildPhase section */

/* Begin PBXSourcesBuildPhase section */
		E0B6B039246B734B005E97BE /* Sources */ = {
			isa = PBXSourcesBuildPhase;
			buildActionMask = 2147483647;
			files = (
				E0B6B092246C1AFD005E97BE /* ExpenseModel.swift in Sources */,
				E0B6B087246BA094005E97BE /* StoryboardModel.swift in Sources */,
				E0B6B090246C19AD005E97BE /* DatabaseManager.swift in Sources */,
				E0B6B041246B734B005E97BE /* AppDelegate.swift in Sources */,
				E0B6B07A246B8955005E97BE /* CategoryModel.swift in Sources */,
				E0B6B082246B9BDA005E97BE /* Extension+UIViewController.swift in Sources */,
				E0B6B08B246BA5AF005E97BE /* ExpenseReportDetailTableViewCell.swift in Sources */,
				E0B6B077246B7E59005E97BE /* AddExpenseViewController.swift in Sources */,
				E0B6B096246C8D93005E97BE /* Extension+String.swift in Sources */,
				E0B6B089246BA588005E97BE /* ExpenseReportViewController.swift in Sources */,
				E0B6B043246B734B005E97BE /* SceneDelegate.swift in Sources */,
				E0B6B07F246B8A26005E97BE /* CategoryCell.swift in Sources */,
				E0B6B094246C2400005E97BE /* Extension+Date.swift in Sources */,
			);
			runOnlyForDeploymentPostprocessing = 0;
		};
		E0B6B04F246B734C005E97BE /* Sources */ = {
			isa = PBXSourcesBuildPhase;
			buildActionMask = 2147483647;
			files = (
				E0B6B058246B734C005E97BE /* ExpenseTrackerTests.swift in Sources */,
			);
			runOnlyForDeploymentPostprocessing = 0;
		};
		E0B6B05A246B734C005E97BE /* Sources */ = {
			isa = PBXSourcesBuildPhase;
			buildActionMask = 2147483647;
			files = (
				E0B6B063246B734C005E97BE /* ExpenseTrackerUITests.swift in Sources */,
			);
			runOnlyForDeploymentPostprocessing = 0;
		};
/* End PBXSourcesBuildPhase section */

/* Begin PBXTargetDependency section */
		E0B6B055246B734C005E97BE /* PBXTargetDependency */ = {
			isa = PBXTargetDependency;
			target = E0B6B03C246B734B005E97BE /* ExpenseTracker */;
			targetProxy = E0B6B054246B734C005E97BE /* PBXContainerItemProxy */;
		};
		E0B6B060246B734C005E97BE /* PBXTargetDependency */ = {
			isa = PBXTargetDependency;
			target = E0B6B03C246B734B005E97BE /* ExpenseTracker */;
			targetProxy = E0B6B05F246B734C005E97BE /* PBXContainerItemProxy */;
		};
/* End PBXTargetDependency section */

/* Begin PBXVariantGroup section */
		E0B6B04B246B734C005E97BE /* LaunchScreen.storyboard */ = {
			isa = PBXVariantGroup;
			children = (
				E0B6B04C246B734C005E97BE /* Base */,
			);
			name = LaunchScreen.storyboard;
			sourceTree = "<group>";
		};
/* End PBXVariantGroup section */

/* Begin XCBuildConfiguration section */
		E0B6B065246B734C005E97BE /* Debug */ = {
			isa = XCBuildConfiguration;
			buildSettings = {
				ALWAYS_SEARCH_USER_PATHS = NO;
				CLANG_ANALYZER_NONNULL = YES;
				CLANG_ANALYZER_NUMBER_OBJECT_CONVERSION = YES_AGGRESSIVE;
				CLANG_CXX_LANGUAGE_STANDARD = "gnu++14";
				CLANG_CXX_LIBRARY = "libc++";
				CLANG_ENABLE_MODULES = YES;
				CLANG_ENABLE_OBJC_ARC = YES;
				CLANG_ENABLE_OBJC_WEAK = YES;
				CLANG_WARN_BLOCK_CAPTURE_AUTORELEASING = YES;
				CLANG_WARN_BOOL_CONVERSION = YES;
				CLANG_WARN_COMMA = YES;
				CLANG_WARN_CONSTANT_CONVERSION = YES;
				CLANG_WARN_DEPRECATED_OBJC_IMPLEMENTATIONS = YES;
				CLANG_WARN_DIRECT_OBJC_ISA_USAGE = YES_ERROR;
				CLANG_WARN_DOCUMENTATION_COMMENTS = YES;
				CLANG_WARN_EMPTY_BODY = YES;
				CLANG_WARN_ENUM_CONVERSION = YES;
				CLANG_WARN_INFINITE_RECURSION = YES;
				CLANG_WARN_INT_CONVERSION = YES;
				CLANG_WARN_NON_LITERAL_NULL_CONVERSION = YES;
				CLANG_WARN_OBJC_IMPLICIT_RETAIN_SELF = YES;
				CLANG_WARN_OBJC_LITERAL_CONVERSION = YES;
				CLANG_WARN_OBJC_ROOT_CLASS = YES_ERROR;
				CLANG_WARN_RANGE_LOOP_ANALYSIS = YES;
				CLANG_WARN_STRICT_PROTOTYPES = YES;
				CLANG_WARN_SUSPICIOUS_MOVE = YES;
				CLANG_WARN_UNGUARDED_AVAILABILITY = YES_AGGRESSIVE;
				CLANG_WARN_UNREACHABLE_CODE = YES;
				CLANG_WARN__DUPLICATE_METHOD_MATCH = YES;
				COPY_PHASE_STRIP = NO;
				DEBUG_INFORMATION_FORMAT = dwarf;
				ENABLE_STRICT_OBJC_MSGSEND = YES;
				ENABLE_TESTABILITY = YES;
				GCC_C_LANGUAGE_STANDARD = gnu11;
				GCC_DYNAMIC_NO_PIC = NO;
				GCC_NO_COMMON_BLOCKS = YES;
				GCC_OPTIMIZATION_LEVEL = 0;
				GCC_PREPROCESSOR_DEFINITIONS = (
					"DEBUG=1",
					"$(inherited)",
				);
				GCC_WARN_64_TO_32_BIT_CONVERSION = YES;
				GCC_WARN_ABOUT_RETURN_TYPE = YES_ERROR;
				GCC_WARN_UNDECLARED_SELECTOR = YES;
				GCC_WARN_UNINITIALIZED_AUTOS = YES_AGGRESSIVE;
				GCC_WARN_UNUSED_FUNCTION = YES;
				GCC_WARN_UNUSED_VARIABLE = YES;
				IPHONEOS_DEPLOYMENT_TARGET = 13.4;
				MTL_ENABLE_DEBUG_INFO = INCLUDE_SOURCE;
				MTL_FAST_MATH = YES;
				ONLY_ACTIVE_ARCH = YES;
				SDKROOT = iphoneos;
				SWIFT_ACTIVE_COMPILATION_CONDITIONS = DEBUG;
				SWIFT_OPTIMIZATION_LEVEL = "-Onone";
			};
			name = Debug;
		};
		E0B6B066246B734C005E97BE /* Release */ = {
			isa = XCBuildConfiguration;
			buildSettings = {
				ALWAYS_SEARCH_USER_PATHS = NO;
				CLANG_ANALYZER_NONNULL = YES;
				CLANG_ANALYZER_NUMBER_OBJECT_CONVERSION = YES_AGGRESSIVE;
				CLANG_CXX_LANGUAGE_STANDARD = "gnu++14";
				CLANG_CXX_LIBRARY = "libc++";
				CLANG_ENABLE_MODULES = YES;
				CLANG_ENABLE_OBJC_ARC = YES;
				CLANG_ENABLE_OBJC_WEAK = YES;
				CLANG_WARN_BLOCK_CAPTURE_AUTORELEASING = YES;
				CLANG_WARN_BOOL_CONVERSION = YES;
				CLANG_WARN_COMMA = YES;
				CLANG_WARN_CONSTANT_CONVERSION = YES;
				CLANG_WARN_DEPRECATED_OBJC_IMPLEMENTATIONS = YES;
				CLANG_WARN_DIRECT_OBJC_ISA_USAGE = YES_ERROR;
				CLANG_WARN_DOCUMENTATION_COMMENTS = YES;
				CLANG_WARN_EMPTY_BODY = YES;
				CLANG_WARN_ENUM_CONVERSION = YES;
				CLANG_WARN_INFINITE_RECURSION = YES;
				CLANG_WARN_INT_CONVERSION = YES;
				CLANG_WARN_NON_LITERAL_NULL_CONVERSION = YES;
				CLANG_WARN_OBJC_IMPLICIT_RETAIN_SELF = YES;
				CLANG_WARN_OBJC_LITERAL_CONVERSION = YES;
				CLANG_WARN_OBJC_ROOT_CLASS = YES_ERROR;
				CLANG_WARN_RANGE_LOOP_ANALYSIS = YES;
				CLANG_WARN_STRICT_PROTOTYPES = YES;
				CLANG_WARN_SUSPICIOUS_MOVE = YES;
				CLANG_WARN_UNGUARDED_AVAILABILITY = YES_AGGRESSIVE;
				CLANG_WARN_UNREACHABLE_CODE = YES;
				CLANG_WARN__DUPLICATE_METHOD_MATCH = YES;
				COPY_PHASE_STRIP = NO;
				DEBUG_INFORMATION_FORMAT = "dwarf-with-dsym";
				ENABLE_NS_ASSERTIONS = NO;
				ENABLE_STRICT_OBJC_MSGSEND = YES;
				GCC_C_LANGUAGE_STANDARD = gnu11;
				GCC_NO_COMMON_BLOCKS = YES;
				GCC_WARN_64_TO_32_BIT_CONVERSION = YES;
				GCC_WARN_ABOUT_RETURN_TYPE = YES_ERROR;
				GCC_WARN_UNDECLARED_SELECTOR = YES;
				GCC_WARN_UNINITIALIZED_AUTOS = YES_AGGRESSIVE;
				GCC_WARN_UNUSED_FUNCTION = YES;
				GCC_WARN_UNUSED_VARIABLE = YES;
				IPHONEOS_DEPLOYMENT_TARGET = 13.4;
				MTL_ENABLE_DEBUG_INFO = NO;
				MTL_FAST_MATH = YES;
				SDKROOT = iphoneos;
				SWIFT_COMPILATION_MODE = wholemodule;
				SWIFT_OPTIMIZATION_LEVEL = "-O";
				VALIDATE_PRODUCT = YES;
			};
			name = Release;
		};
		E0B6B068246B734C005E97BE /* Debug */ = {
			isa = XCBuildConfiguration;
			baseConfigurationReference = C8F06B26271193BDF22751BA /* Pods-ExpenseTracker.debug.xcconfig */;
			buildSettings = {
				ASSETCATALOG_COMPILER_APPICON_NAME = AppIcon;
				CODE_SIGN_STYLE = Automatic;
				DEVELOPMENT_TEAM = 4J257VND3X;
				INFOPLIST_FILE = ExpenseTracker/Info.plist;
				LD_RUNPATH_SEARCH_PATHS = (
					"$(inherited)",
					"@executable_path/Frameworks",
				);
				PRODUCT_BUNDLE_IDENTIFIER = com.aditi.ExpenseTracker;
				PRODUCT_NAME = "$(TARGET_NAME)";
				SWIFT_VERSION = 5.0;
				TARGETED_DEVICE_FAMILY = "1,2";
			};
			name = Debug;
		};
		E0B6B069246B734C005E97BE /* Release */ = {
			isa = XCBuildConfiguration;
			baseConfigurationReference = 8ADD51E0DEB29C8632CA9010 /* Pods-ExpenseTracker.release.xcconfig */;
			buildSettings = {
				ASSETCATALOG_COMPILER_APPICON_NAME = AppIcon;
				CODE_SIGN_STYLE = Automatic;
				DEVELOPMENT_TEAM = 4J257VND3X;
				INFOPLIST_FILE = ExpenseTracker/Info.plist;
				LD_RUNPATH_SEARCH_PATHS = (
					"$(inherited)",
					"@executable_path/Frameworks",
				);
				PRODUCT_BUNDLE_IDENTIFIER = com.aditi.ExpenseTracker;
				PRODUCT_NAME = "$(TARGET_NAME)";
				SWIFT_VERSION = 5.0;
				TARGETED_DEVICE_FAMILY = "1,2";
			};
			name = Release;
		};
		E0B6B06B246B734C005E97BE /* Debug */ = {
			isa = XCBuildConfiguration;
			baseConfigurationReference = CAB805D7810E1C39173EBC26 /* Pods-ExpenseTrackerTests.debug.xcconfig */;
			buildSettings = {
				ALWAYS_EMBED_SWIFT_STANDARD_LIBRARIES = YES;
				BUNDLE_LOADER = "$(TEST_HOST)";
				CODE_SIGN_STYLE = Automatic;
				DEVELOPMENT_TEAM = 4J257VND3X;
				INFOPLIST_FILE = ExpenseTrackerTests/Info.plist;
				IPHONEOS_DEPLOYMENT_TARGET = 13.4;
				LD_RUNPATH_SEARCH_PATHS = (
					"$(inherited)",
					"@executable_path/Frameworks",
					"@loader_path/Frameworks",
				);
				PRODUCT_BUNDLE_IDENTIFIER = com.aditi.ExpenseTrackerTests;
				PRODUCT_NAME = "$(TARGET_NAME)";
				SWIFT_VERSION = 5.0;
				TARGETED_DEVICE_FAMILY = "1,2";
				TEST_HOST = "$(BUILT_PRODUCTS_DIR)/ExpenseTracker.app/ExpenseTracker";
			};
			name = Debug;
		};
		E0B6B06C246B734C005E97BE /* Release */ = {
			isa = XCBuildConfiguration;
			baseConfigurationReference = 74132F29FD333392B5EBBE46 /* Pods-ExpenseTrackerTests.release.xcconfig */;
			buildSettings = {
				ALWAYS_EMBED_SWIFT_STANDARD_LIBRARIES = YES;
				BUNDLE_LOADER = "$(TEST_HOST)";
				CODE_SIGN_STYLE = Automatic;
				DEVELOPMENT_TEAM = 4J257VND3X;
				INFOPLIST_FILE = ExpenseTrackerTests/Info.plist;
				IPHONEOS_DEPLOYMENT_TARGET = 13.4;
				LD_RUNPATH_SEARCH_PATHS = (
					"$(inherited)",
					"@executable_path/Frameworks",
					"@loader_path/Frameworks",
				);
				PRODUCT_BUNDLE_IDENTIFIER = com.aditi.ExpenseTrackerTests;
				PRODUCT_NAME = "$(TARGET_NAME)";
				SWIFT_VERSION = 5.0;
				TARGETED_DEVICE_FAMILY = "1,2";
				TEST_HOST = "$(BUILT_PRODUCTS_DIR)/ExpenseTracker.app/ExpenseTracker";
			};
			name = Release;
		};
		E0B6B06E246B734C005E97BE /* Debug */ = {
			isa = XCBuildConfiguration;
			baseConfigurationReference = A9C38D98B6ECFBA16A5E0AAB /* Pods-ExpenseTracker-ExpenseTrackerUITests.debug.xcconfig */;
			buildSettings = {
				ALWAYS_EMBED_SWIFT_STANDARD_LIBRARIES = YES;
				CODE_SIGN_STYLE = Automatic;
				DEVELOPMENT_TEAM = 4J257VND3X;
				INFOPLIST_FILE = ExpenseTrackerUITests/Info.plist;
				LD_RUNPATH_SEARCH_PATHS = (
					"$(inherited)",
					"@executable_path/Frameworks",
					"@loader_path/Frameworks",
				);
				PRODUCT_BUNDLE_IDENTIFIER = com.aditi.ExpenseTrackerUITests;
				PRODUCT_NAME = "$(TARGET_NAME)";
				SWIFT_VERSION = 5.0;
				TARGETED_DEVICE_FAMILY = "1,2";
				TEST_TARGET_NAME = ExpenseTracker;
			};
			name = Debug;
		};
		E0B6B06F246B734C005E97BE /* Release */ = {
			isa = XCBuildConfiguration;
			baseConfigurationReference = 7271E1F7B2849AC2CBA1FE87 /* Pods-ExpenseTracker-ExpenseTrackerUITests.release.xcconfig */;
			buildSettings = {
				ALWAYS_EMBED_SWIFT_STANDARD_LIBRARIES = YES;
				CODE_SIGN_STYLE = Automatic;
				DEVELOPMENT_TEAM = 4J257VND3X;
				INFOPLIST_FILE = ExpenseTrackerUITests/Info.plist;
				LD_RUNPATH_SEARCH_PATHS = (
					"$(inherited)",
					"@executable_path/Frameworks",
					"@loader_path/Frameworks",
				);
				PRODUCT_BUNDLE_IDENTIFIER = com.aditi.ExpenseTrackerUITests;
				PRODUCT_NAME = "$(TARGET_NAME)";
				SWIFT_VERSION = 5.0;
				TARGETED_DEVICE_FAMILY = "1,2";
				TEST_TARGET_NAME = ExpenseTracker;
			};
			name = Release;
		};
/* End XCBuildConfiguration section */

/* Begin XCConfigurationList section */
		E0B6B038246B734B005E97BE /* Build configuration list for PBXProject "ExpenseTracker" */ = {
			isa = XCConfigurationList;
			buildConfigurations = (
				E0B6B065246B734C005E97BE /* Debug */,
				E0B6B066246B734C005E97BE /* Release */,
			);
			defaultConfigurationIsVisible = 0;
			defaultConfigurationName = Release;
		};
		E0B6B067246B734C005E97BE /* Build configuration list for PBXNativeTarget "ExpenseTracker" */ = {
			isa = XCConfigurationList;
			buildConfigurations = (
				E0B6B068246B734C005E97BE /* Debug */,
				E0B6B069246B734C005E97BE /* Release */,
			);
			defaultConfigurationIsVisible = 0;
			defaultConfigurationName = Release;
		};
		E0B6B06A246B734C005E97BE /* Build configuration list for PBXNativeTarget "ExpenseTrackerTests" */ = {
			isa = XCConfigurationList;
			buildConfigurations = (
				E0B6B06B246B734C005E97BE /* Debug */,
				E0B6B06C246B734C005E97BE /* Release */,
			);
			defaultConfigurationIsVisible = 0;
			defaultConfigurationName = Release;
		};
		E0B6B06D246B734C005E97BE /* Build configuration list for PBXNativeTarget "ExpenseTrackerUITests" */ = {
			isa = XCConfigurationList;
			buildConfigurations = (
				E0B6B06E246B734C005E97BE /* Debug */,
				E0B6B06F246B734C005E97BE /* Release */,
			);
			defaultConfigurationIsVisible = 0;
			defaultConfigurationName = Release;
		};
/* End XCConfigurationList section */
	};
	rootObject = E0B6B035246B734B005E97BE /* Project object */;
}
